
Microsoft Visual Studio Solution File, Format Version 12.00
# Visual Studio Version 16
VisualStudioVersion = 16.0.31515.178
MinimumVisualStudioVersion = 10.0.40219.1
Project("{9A19103F-16F7-4668-BE54-9A1E7A4F7556}") = "MMT.Shop.Api", "src\api\MMT.Shop.Api\MMT.Shop.Api.csproj", "{6AD4B677-3F0F-4E30-86EA-F35C7332C129}"
EndProject
Project("{2150E333-8FDC-42A3-9474-1A3956D46DE8}") = "api", "api", "{28DF5926-87AE-4E94-84DF-445CC958BB19}"
EndProject
Project("{2150E333-8FDC-42A3-9474-1A3956D46DE8}") = "core", "core", "{E241B169-CD56-403C-AE02-0C3AB36C8F2B}"
EndProject
Project("{2150E333-8FDC-42A3-9474-1A3956D46DE8}") = "data", "data", "{A47804AE-31D8-4568-9B3F-BF7EDECA7ABA}"
EndProject
Project("{9A19103F-16F7-4668-BE54-9A1E7A4F7556}") = "MMT.Shop.ServiceInterfaces", "src\core\MMT.Shop.ServiceInterfaces\MMT.Shop.ServiceInterfaces.csproj", "{387A6BC8-BF7B-4C87-9D66-C87F2AC77E7A}"
EndProject
Project("{9A19103F-16F7-4668-BE54-9A1E7A4F7556}") = "MMT.Shop.ServiceImplementation", "src\core\MMT.Shop.ServiceImplementation\MMT.Shop.ServiceImplementation.csproj", "{B570B0B3-538F-4007-8293-5A8440D59344}"
EndProject
Project("{9A19103F-16F7-4668-BE54-9A1E7A4F7556}") = "MMT.Shop.DataInterfaces", "src\data\MMT.Shop.DataInterfaces\MMT.Shop.DataInterfaces.csproj", "{86796EC8-05C5-4D94-8991-83E240304E24}"
EndProject
Project("{9A19103F-16F7-4668-BE54-9A1E7A4F7556}") = "MMT.Shop.DataSql", "src\data\MMT.Shop.DataSql\MMT.Shop.DataSql.csproj", "{279C9777-4A4A-4ECB-BEF7-973D761E42CC}"
EndProject
Project("{2150E333-8FDC-42A3-9474-1A3956D46DE8}") = "src", "src", "{E40D9778-4B5C-46AA-84B9-AC1728062373}"
EndProject
Project("{2150E333-8FDC-42A3-9474-1A3956D46DE8}") = "test", "test", "{A6E2B9F4-08DB-49E5-A75E-2D961E3BC666}"
EndProject
Project("{2150E333-8FDC-42A3-9474-1A3956D46DE8}") = "api", "api", "{B07F9F6A-C8D4-449E-A18C-A7C29897755A}"
EndProject
Project("{2150E333-8FDC-42A3-9474-1A3956D46DE8}") = "core", "core", "{F711AC59-15D2-40C7-8970-90FDA0D94BB3}"
EndProject
Project("{2150E333-8FDC-42A3-9474-1A3956D46DE8}") = "data", "data", "{90384D9D-F188-40EF-9CFA-B7943BC85D50}"
EndProject
Project("{9A19103F-16F7-4668-BE54-9A1E7A4F7556}") = "MMT.Shop.Models", "src\core\MMT.Shop.Models\MMT.Shop.Models.csproj", "{F27F7121-81B0-4026-A3C2-74EECFD20DF9}"
EndProject
Project("{9A19103F-16F7-4668-BE54-9A1E7A4F7556}") = "MMT.Shop.Api.Test", "test\api\MMT.Shop.Api.Test\MMT.Shop.Api.Test.csproj", "{95FBECA3-9E2D-4674-BB63-3FC26B8FA584}"
EndProject
Project("{9A19103F-16F7-4668-BE54-9A1E7A4F7556}") = "MMT.Shop.ServiceImplementation.Test", "test\core\MMT.Shop.ServiceImplementation.Test\MMT.Shop.ServiceImplementation.Test.csproj", "{0936D459-AD17-4F4A-A688-718F17ED120B}"
EndProject
Project("{9A19103F-16F7-4668-BE54-9A1E7A4F7556}") = "MMT.Shop.DataSql.Test", "test\data\MMT.Shop.DataSql.Test\MMT.Shop.DataSql.Test.csproj", "{6FE77CA5-6C31-4F2F-907C-B46A571AB958}"
EndProject
Project("{2150E333-8FDC-42A3-9474-1A3956D46DE8}") = "client", "client", "{C3166C73-0F37-4453-A046-792CFF0C5160}"
EndProject
Project("{FAE04EC0-301F-11D3-BF4B-00C04F79EFBC}") = "MMT.Shop.Client", "client\MMT.Shop.Client\MMT.Shop.Client.csproj", "{8FB96784-CB5D-4DAD-BD63-118F5CCF8F1D}"
EndProject
Global
	GlobalSection(SolutionConfigurationPlatforms) = preSolution
		Debug|Any CPU = Debug|Any CPU
		Release|Any CPU = Release|Any CPU
	EndGlobalSection
	GlobalSection(ProjectConfigurationPlatforms) = postSolution
		{6AD4B677-3F0F-4E30-86EA-F35C7332C129}.Debug|Any CPU.ActiveCfg = Debug|Any CPU
		{6AD4B677-3F0F-4E30-86EA-F35C7332C129}.Debug|Any CPU.Build.0 = Debug|Any CPU
		{6AD4B677-3F0F-4E30-86EA-F35C7332C129}.Release|Any CPU.ActiveCfg = Release|Any CPU
		{6AD4B677-3F0F-4E30-86EA-F35C7332C129}.Release|Any CPU.Build.0 = Release|Any CPU
		{387A6BC8-BF7B-4C87-9D66-C87F2AC77E7A}.Debug|Any CPU.ActiveCfg = Debug|Any CPU
		{387A6BC8-BF7B-4C87-9D66-C87F2AC77E7A}.Debug|Any CPU.Build.0 = Debug|Any CPU
		{387A6BC8-BF7B-4C87-9D66-C87F2AC77E7A}.Release|Any CPU.ActiveCfg = Release|Any CPU
		{387A6BC8-BF7B-4C87-9D66-C87F2AC77E7A}.Release|Any CPU.Build.0 = Release|Any CPU
		{B570B0B3-538F-4007-8293-5A8440D59344}.Debug|Any CPU.ActiveCfg = Debug|Any CPU
		{B570B0B3-538F-4007-8293-5A8440D59344}.Debug|Any CPU.Build.0 = Debug|Any CPU
		{B570B0B3-538F-4007-8293-5A8440D59344}.Release|Any CPU.ActiveCfg = Release|Any CPU
		{B570B0B3-538F-4007-8293-5A8440D59344}.Release|Any CPU.Build.0 = Release|Any CPU
		{86796EC8-05C5-4D94-8991-83E240304E24}.Debug|Any CPU.ActiveCfg = Debug|Any CPU
		{86796EC8-05C5-4D94-8991-83E240304E24}.Debug|Any CPU.Build.0 = Debug|Any CPU
		{86796EC8-05C5-4D94-8991-83E240304E24}.Release|Any CPU.ActiveCfg = Release|Any CPU
		{86796EC8-05C5-4D94-8991-83E240304E24}.Release|Any CPU.Build.0 = Release|Any CPU
		{279C9777-4A4A-4ECB-BEF7-973D761E42CC}.Debug|Any CPU.ActiveCfg = Debug|Any CPU
		{279C9777-4A4A-4ECB-BEF7-973D761E42CC}.Debug|Any CPU.Build.0 = Debug|Any CPU
		{279C9777-4A4A-4ECB-BEF7-973D761E42CC}.Release|Any CPU.ActiveCfg = Release|Any CPU
		{279C9777-4A4A-4ECB-BEF7-973D761E42CC}.Release|Any CPU.Build.0 = Release|Any CPU
		{F27F7121-81B0-4026-A3C2-74EECFD20DF9}.Debug|Any CPU.ActiveCfg = Debug|Any CPU
		{F27F7121-81B0-4026-A3C2-74EECFD20DF9}.Debug|Any CPU.Build.0 = Debug|Any CPU
		{F27F7121-81B0-4026-A3C2-74EECFD20DF9}.Release|Any CPU.ActiveCfg = Release|Any CPU
		{F27F7121-81B0-4026-A3C2-74EECFD20DF9}.Release|Any CPU.Build.0 = Release|Any CPU
		{95FBECA3-9E2D-4674-BB63-3FC26B8FA584}.Debug|Any CPU.ActiveCfg = Debug|Any CPU
		{95FBECA3-9E2D-4674-BB63-3FC26B8FA584}.Debug|Any CPU.Build.0 = Debug|Any CPU
		{95FBECA3-9E2D-4674-BB63-3FC26B8FA584}.Release|Any CPU.ActiveCfg = Release|Any CPU
		{95FBECA3-9E2D-4674-BB63-3FC26B8FA584}.Release|Any CPU.Build.0 = Release|Any CPU
		{0936D459-AD17-4F4A-A688-718F17ED120B}.Debug|Any CPU.ActiveCfg = Debug|Any CPU
		{0936D459-AD17-4F4A-A688-718F17ED120B}.Debug|Any CPU.Build.0 = Debug|Any CPU
		{0936D459-AD17-4F4A-A688-718F17ED120B}.Release|Any CPU.ActiveCfg = Release|Any CPU
		{0936D459-AD17-4F4A-A688-718F17ED120B}.Release|Any CPU.Build.0 = Release|Any CPU
		{6FE77CA5-6C31-4F2F-907C-B46A571AB958}.Debug|Any CPU.ActiveCfg = Debug|Any CPU
		{6FE77CA5-6C31-4F2F-907C-B46A571AB958}.Debug|Any CPU.Build.0 = Debug|Any CPU
		{6FE77CA5-6C31-4F2F-907C-B46A571AB958}.Release|Any CPU.ActiveCfg = Release|Any CPU
		{6FE77CA5-6C31-4F2F-907C-B46A571AB958}.Release|Any CPU.Build.0 = Release|Any CPU
		{8FB96784-CB5D-4DAD-BD63-118F5CCF8F1D}.Debug|Any CPU.ActiveCfg = Debug|Any CPU
		{8FB96784-CB5D-4DAD-BD63-118F5CCF8F1D}.Debug|Any CPU.Build.0 = Debug|Any CPU
		{8FB96784-CB5D-4DAD-BD63-118F5CCF8F1D}.Release|Any CPU.ActiveCfg = Release|Any CPU
		{8FB96784-CB5D-4DAD-BD63-118F5CCF8F1D}.Release|Any CPU.Build.0 = Release|Any CPU
	EndGlobalSection
	GlobalSection(SolutionProperties) = preSolution
		HideSolutionNode = FALSE
	EndGlobalSection
	GlobalSection(NestedProjects) = preSolution
		{6AD4B677-3F0F-4E30-86EA-F35C7332C129} = {28DF5926-87AE-4E94-84DF-445CC958BB19}
		{28DF5926-87AE-4E94-84DF-445CC958BB19} = {E40D9778-4B5C-46AA-84B9-AC1728062373}
		{E241B169-CD56-403C-AE02-0C3AB36C8F2B} = {E40D9778-4B5C-46AA-84B9-AC1728062373}
		{A47804AE-31D8-4568-9B3F-BF7EDECA7ABA} = {E40D9778-4B5C-46AA-84B9-AC1728062373}
		{387A6BC8-BF7B-4C87-9D66-C87F2AC77E7A} = {E241B169-CD56-403C-AE02-0C3AB36C8F2B}
		{B570B0B3-538F-4007-8293-5A8440D59344} = {E241B169-CD56-403C-AE02-0C3AB36C8F2B}
		{86796EC8-05C5-4D94-8991-83E240304E24} = {A47804AE-31D8-4568-9B3F-BF7EDECA7ABA}
		{279C9777-4A4A-4ECB-BEF7-973D761E42CC} = {A47804AE-31D8-4568-9B3F-BF7EDECA7ABA}
		{B07F9F6A-C8D4-449E-A18C-A7C29897755A} = {A6E2B9F4-08DB-49E5-A75E-2D961E3BC666}
		{F711AC59-15D2-40C7-8970-90FDA0D94BB3} = {A6E2B9F4-08DB-49E5-A75E-2D961E3BC666}
		{90384D9D-F188-40EF-9CFA-B7943BC85D50} = {A6E2B9F4-08DB-49E5-A75E-2D961E3BC666}
		{F27F7121-81B0-4026-A3C2-74EECFD20DF9} = {E241B169-CD56-403C-AE02-0C3AB36C8F2B}
		{95FBECA3-9E2D-4674-BB63-3FC26B8FA584} = {B07F9F6A-C8D4-449E-A18C-A7C29897755A}
		{0936D459-AD17-4F4A-A688-718F17ED120B} = {F711AC59-15D2-40C7-8970-90FDA0D94BB3}
		{6FE77CA5-6C31-4F2F-907C-B46A571AB958} = {90384D9D-F188-40EF-9CFA-B7943BC85D50}
		{8FB96784-CB5D-4DAD-BD63-118F5CCF8F1D} = {C3166C73-0F37-4453-A046-792CFF0C5160}
	EndGlobalSection
	GlobalSection(ExtensibilityGlobals) = postSolution
		SolutionGuid = {524C0F5B-AB39-45F7-9648-45B4C8ABA731}
	EndGlobalSection
EndGlobal
